Microsoft Visual Studio Solution File, Format Version 12.00
# Visual Studio Version 16
VisualStudioVersion = 16.0.30804.86
MinimumVisualStudioVersion = 10.0.40219.1
Project("{9A19103F-16F7-4668-BE54-9A1E7A4F7556}") = "HeboTech.TimeService", "HeboTech.TimeService\HeboTech.TimeService.csproj", "{3492E25E-3EA4-4763-A63E-E77D60D18F39}"
EndProject
Project("{FAE04EC0-301F-11D3-BF4B-00C04F79EFBC}") = "HeboTech.TimeService.Tests", "Tests\HeboTech.TimeService.Tests\HeboTech.TimeService.Tests.csproj", "{B4231CDD-A7DD-4560-84DF-DFB39ADF81D5}"
EndProject
Global
	GlobalSection(SolutionConfigurationPlatforms) = preSolution
		Debug|Any CPU = Debug|Any CPU
		Release|Any CPU = Release|Any CPU
	EndGlobalSection
	GlobalSection(ProjectConfigurationPlatforms) = postSolution
		{3492E25E-3EA4-4763-A63E-E77D60D18F39}.Debug|Any CPU.ActiveCfg = Debug|Any CPU
		{3492E25E-3EA4-4763-A63E-E77D60D18F39}.Debug|Any CPU.Build.0 = Debug|Any CPU
		{3492E25E-3EA4-4763-A63E-E77D60D18F39}.Release|Any CPU.ActiveCfg = Release|Any CPU
		{3492E25E-3EA4-4763-A63E-E77D60D18F39}.Release|Any CPU.Build.0 = Release|Any CPU
		{B4231CDD-A7DD-4560-84DF-DFB39ADF81D5}.Debug|Any CPU.ActiveCfg = Debug|Any CPU
		{B4231CDD-A7DD-4560-84DF-DFB39ADF81D5}.Debug|Any CPU.Build.0 = Debug|Any CPU
		{B4231CDD-A7DD-4560-84DF-DFB39ADF81D5}.Release|Any CPU.ActiveCfg = Release|Any CPU
		{B4231CDD-A7DD-4560-84DF-DFB39ADF81D5}.Release|Any CPU.Build.0 = Release|Any CPU
	EndGlobalSection
	GlobalSection(SolutionProperties) = preSolution
		HideSolutionNode = FALSE
	EndGlobalSection
	GlobalSection(ExtensibilityGlobals) = postSolution
		SolutionGuid = {A1A6C090-D620-409A-8522-20DFD59D789E}
	EndGlobalSection
EndGlobal
